<?xml version="1.0" encoding="utf-8"?>
<Project ToolsVersion="4.0" xmlns="http://schemas.microsoft.com/developer/msbuild/2003">
  <ItemGroup>
    <Filter Include="ソース ファイル">
      <UniqueIdentifier>{4FC737F1-C7A5-4376-A066-2A32D752A2FF}</UniqueIdentifier>
      <Extensions>cpp;c;cc;cxx;def;odl;idl;hpj;bat;asm;asmx</Extensions>
    </Filter>
    <Filter Include="ヘッダー ファイル">
      <UniqueIdentifier>{93995380-89BD-4b04-88EB-625FBE52EBFB}</UniqueIdentifier>
      <Extensions>h;hh;hpp;hxx;hm;inl;inc;xsd</Extensions>
    </Filter>
    <Filter Include="リソース ファイル">
      <UniqueIdentifier>{67DA6AB6-F800-4c08-8B7A-83BB121AAD01}</UniqueIdentifier>
      <Extensions>rc;ico;cur;bmp;dlg;rc2;rct;bin;rgs;gif;jpg;jpeg;jpe;resx;tiff;tif;png;wav;mfcribbon-ms</Extensions>
    </Filter>
  </ItemGroup>
  <ItemGroup>
    <ClCompile Include="light.cpp">
      <Filter>ヘッダー ファイル</Filter>
    </ClCompile>
    <ClCompile Include="main.cpp">
      <Filter>ヘッダー ファイル</Filter>
    </ClCompile>
    <ClCompile Include="input.cpp">
      <Filter>ヘッダー ファイル</Filter>
    </ClCompile>
    <ClCompile Include="camera.cpp">
      <Filter>ヘッダー ファイル</Filter>
    </ClCompile>
    <ClCompile Include="shadow.cpp">
      <Filter>ヘッダー ファイル</Filter>
    </ClCompile>
    <ClCompile Include="wall.cpp">
      <Filter>ヘッダー ファイル</Filter>
    </ClCompile>
    <ClCompile Include="billboord.cpp">
      <Filter>ヘッダー ファイル</Filter>
    </ClCompile>
    <ClCompile Include="bullet.cpp">
      <Filter>ヘッダー ファイル</Filter>
    </ClCompile>
    <ClCompile Include="explosion.cpp">
      <Filter>ヘッダー ファイル</Filter>
    </ClCompile>
    <ClCompile Include="meshfield.cpp">
      <Filter>ヘッダー ファイル</Filter>
    </ClCompile>
    <ClCompile Include="meshbg.cpp">
      <Filter>ヘッダー ファイル</Filter>
    </ClCompile>
    <ClCompile Include="polygon.cpp">
      <Filter>ヘッダー ファイル</Filter>
    </ClCompile>
    <ClCompile Include="player.cpp">
      <Filter>ヘッダー ファイル</Filter>
    </ClCompile>
    <ClCompile Include="effect.cpp">
      <Filter>ヘッダー ファイル</Filter>
    </ClCompile>
    <ClCompile Include="object.cpp">
      <Filter>ヘッダー ファイル</Filter>
    </ClCompile>
    <ClCompile Include="Game.cpp">
      <Filter>ヘッダー ファイル</Filter>
    </ClCompile>
    <ClCompile Include="Result.cpp">
      <Filter>ヘッダー ファイル</Filter>
    </ClCompile>
    <ClCompile Include="Title.cpp">
      <Filter>ヘッダー ファイル</Filter>
    </ClCompile>
    <ClCompile Include="fade.cpp">
      <Filter>ヘッダー ファイル</Filter>
    </ClCompile>
    <ClCompile Include="pause.cpp">
      <Filter>ヘッダー ファイル</Filter>
    </ClCompile>
    <ClCompile Include="sound.cpp">
      <Filter>ヘッダー ファイル</Filter>
    </ClCompile>
    <ClCompile Include="serect.cpp">
      <Filter>ヘッダー ファイル</Filter>
    </ClCompile>
    <ClCompile Include="time.cpp">
      <Filter>ヘッダー ファイル</Filter>
    </ClCompile>
    <ClCompile Include="enter.cpp">
      <Filter>ヘッダー ファイル</Filter>
    </ClCompile>
    <ClCompile Include="tutolial.cpp">
      <Filter>ヘッダー ファイル</Filter>
    </ClCompile>
    <ClCompile Include="frame.cpp">
      <Filter>ヘッダー ファイル</Filter>
    </ClCompile>
    <ClCompile Include="item.cpp">
      <Filter>ヘッダー ファイル</Filter>
    </ClCompile>
    <ClCompile Include="possession.cpp">
      <Filter>ヘッダー ファイル</Filter>
    </ClCompile>
    <ClCompile Include="objectnot.cpp">
      <Filter>ヘッダー ファイル</Filter>
    </ClCompile>
    <ClCompile Include="player2.cpp">
      <Filter>ヘッダー ファイル</Filter>
    </ClCompile>
    <ClCompile Include="enemy.cpp">
      <Filter>ヘッダー ファイル</Filter>
    </ClCompile>
  </ItemGroup>
  <ItemGroup>
    <ClInclude Include="light.h">
      <Filter>リソース ファイル</Filter>
    </ClInclude>
    <ClInclude Include="main.h">
      <Filter>リソース ファイル</Filter>
    </ClInclude>
    <ClInclude Include="input.h">
      <Filter>リソース ファイル</Filter>
    </ClInclude>
    <ClInclude Include="camera.h">
      <Filter>リソース ファイル</Filter>
    </ClInclude>
    <ClInclude Include="shadow.h">
      <Filter>リソース ファイル</Filter>
    </ClInclude>
    <ClInclude Include="wall.h">
      <Filter>リソース ファイル</Filter>
    </ClInclude>
    <ClInclude Include="billboord.h">
      <Filter>リソース ファイル</Filter>
    </ClInclude>
    <ClInclude Include="bullet.h">
      <Filter>リソース ファイル</Filter>
    </ClInclude>
    <ClInclude Include="explosion.h">
      <Filter>リソース ファイル</Filter>
    </ClInclude>
    <ClInclude Include="meshfield.h">
      <Filter>リソース ファイル</Filter>
    </ClInclude>
    <ClInclude Include="meshbg.h">
      <Filter>リソース ファイル</Filter>
    </ClInclude>
    <ClInclude Include="polygon.h">
      <Filter>リソース ファイル</Filter>
    </ClInclude>
    <ClInclude Include="player.h">
      <Filter>リソース ファイル</Filter>
    </ClInclude>
    <ClInclude Include="effect.h">
      <Filter>リソース ファイル</Filter>
    </ClInclude>
    <ClInclude Include="object.h">
      <Filter>リソース ファイル</Filter>
    </ClInclude>
    <ClInclude Include="Game.h">
      <Filter>リソース ファイル</Filter>
    </ClInclude>
    <ClInclude Include="Result.h">
      <Filter>リソース ファイル</Filter>
    </ClInclude>
    <ClInclude Include="Title.h">
      <Filter>リソース ファイル</Filter>
    </ClInclude>
    <ClInclude Include="fade.h">
      <Filter>リソース ファイル</Filter>
    </ClInclude>
    <ClInclude Include="pause.h">
      <Filter>リソース ファイル</Filter>
    </ClInclude>
    <ClInclude Include="sound.h">
      <Filter>リソース ファイル</Filter>
    </ClInclude>
    <ClInclude Include="serect.h">
      <Filter>リソース ファイル</Filter>
    </ClInclude>
    <ClInclude Include="time.h">
      <Filter>リソース ファイル</Filter>
    </ClInclude>
    <ClInclude Include="enter.h">
      <Filter>リソース ファイル</Filter>
    </ClInclude>
    <ClInclude Include="tutolial.h">
      <Filter>リソース ファイル</Filter>
    </ClInclude>
    <ClInclude Include="frame.h">
      <Filter>リソース ファイル</Filter>
    </ClInclude>
    <ClInclude Include="possession.h">
      <Filter>リソース ファイル</Filter>
    </ClInclude>
    <ClInclude Include="item.h">
      <Filter>リソース ファイル</Filter>
    </ClInclude>
    <ClInclude Include="objectnot.h">
      <Filter>リソース ファイル</Filter>
    </ClInclude>
    <ClInclude Include="player2.h">
      <Filter>リソース ファイル</Filter>
    </ClInclude>
    <ClInclude Include="enemy.h">
      <Filter>リソース ファイル</Filter>
    </ClInclude>
  </ItemGroup>
</Project>