<?xml version="1.0" encoding="utf-8"?>
<Project ToolsVersion="4.0" xmlns="http://schemas.microsoft.com/developer/msbuild/2003">
  <ItemGroup>
    <Filter Include="ソース ファイル">
      <UniqueIdentifier>{4FC737F1-C7A5-4376-A066-2A32D752A2FF}</UniqueIdentifier>
      <Extensions>cpp;c;cc;cxx;def;odl;idl;hpj;bat;asm;asmx</Extensions>
    </Filter>
    <Filter Include="ヘッダー ファイル">
      <UniqueIdentifier>{93995380-89BD-4b04-88EB-625FBE52EBFB}</UniqueIdentifier>
      <Extensions>h;hh;hpp;hxx;hm;inl;inc;xsd</Extensions>
    </Filter>
    <Filter Include="リソース ファイル">
      <UniqueIdentifier>{67DA6AB6-F800-4c08-8B7A-83BB121AAD01}</UniqueIdentifier>
      <Extensions>rc;ico;cur;bmp;dlg;rc2;rct;bin;rgs;gif;jpg;jpeg;jpe;resx;tiff;tif;png;wav;mfcribbon-ms</Extensions>
    </Filter>
    <Filter Include="ソース ファイル\Polygon">
      <UniqueIdentifier>{f4bb0c31-be16-4142-96b4-dc54d15160a9}</UniqueIdentifier>
    </Filter>
    <Filter Include="ソース ファイル\All">
      <UniqueIdentifier>{8c2948b8-92e3-4bbc-a0ba-62d37e7b4239}</UniqueIdentifier>
    </Filter>
    <Filter Include="ソース ファイル\Polygon\UI">
      <UniqueIdentifier>{14190c76-bf2f-4874-ba88-34a8f2c80a3c}</UniqueIdentifier>
    </Filter>
    <Filter Include="ヘッダー ファイル\All">
      <UniqueIdentifier>{08e81528-ff37-4ffc-aed5-ad18819e2931}</UniqueIdentifier>
    </Filter>
    <Filter Include="ヘッダー ファイル\Polygon">
      <UniqueIdentifier>{5ad57c33-ff7e-4ba8-b6ea-75ca6db15f94}</UniqueIdentifier>
    </Filter>
    <Filter Include="ヘッダー ファイル\Polygon\UI">
      <UniqueIdentifier>{56cd0c8b-18a4-45b0-a92a-46feaf353f3f}</UniqueIdentifier>
    </Filter>
  </ItemGroup>
  <ItemGroup>
    <ClCompile Include="fade.cpp">
      <Filter>ソース ファイル</Filter>
    </ClCompile>
    <ClCompile Include="input.cpp">
      <Filter>ソース ファイル</Filter>
    </ClCompile>
    <ClCompile Include="main.cpp">
      <Filter>ソース ファイル</Filter>
    </ClCompile>
    <ClCompile Include="manager.cpp">
      <Filter>ソース ファイル</Filter>
    </ClCompile>
    <ClCompile Include="number.cpp">
      <Filter>ソース ファイル</Filter>
    </ClCompile>
    <ClCompile Include="particle.cpp">
      <Filter>ソース ファイル</Filter>
    </ClCompile>
    <ClCompile Include="renderer.cpp">
      <Filter>ソース ファイル</Filter>
    </ClCompile>
    <ClCompile Include="scene.cpp">
      <Filter>ソース ファイル</Filter>
    </ClCompile>
    <ClCompile Include="scene2d.cpp">
      <Filter>ソース ファイル</Filter>
    </ClCompile>
    <ClCompile Include="sound.cpp">
      <Filter>ソース ファイル</Filter>
    </ClCompile>
    <ClCompile Include="title.cpp">
      <Filter>ソース ファイル\All</Filter>
    </ClCompile>
    <ClCompile Include="game.cpp">
      <Filter>ソース ファイル\All</Filter>
    </ClCompile>
    <ClCompile Include="result.cpp">
      <Filter>ソース ファイル\All</Filter>
    </ClCompile>
    <ClCompile Include="bg.cpp">
      <Filter>ソース ファイル\Polygon</Filter>
    </ClCompile>
    <ClCompile Include="bullet.cpp">
      <Filter>ソース ファイル\Polygon</Filter>
    </ClCompile>
    <ClCompile Include="enemy.cpp">
      <Filter>ソース ファイル\Polygon</Filter>
    </ClCompile>
    <ClCompile Include="effect.cpp">
      <Filter>ソース ファイル\Polygon</Filter>
    </ClCompile>
    <ClCompile Include="explosion.cpp">
      <Filter>ソース ファイル\Polygon</Filter>
    </ClCompile>
    <ClCompile Include="logo.cpp">
      <Filter>ソース ファイル\Polygon</Filter>
    </ClCompile>
    <ClCompile Include="item.cpp">
      <Filter>ソース ファイル\Polygon</Filter>
    </ClCompile>
    <ClCompile Include="player.cpp">
      <Filter>ソース ファイル\Polygon</Filter>
    </ClCompile>
    <ClCompile Include="star.cpp">
      <Filter>ソース ファイル\Polygon</Filter>
    </ClCompile>
    <ClCompile Include="score.cpp">
      <Filter>ソース ファイル\Polygon\UI</Filter>
    </ClCompile>
    <ClCompile Include="joystick.cpp">
      <Filter>ソース ファイル</Filter>
    </ClCompile>
    <ClCompile Include="pauselogo.cpp">
      <Filter>ソース ファイル</Filter>
    </ClCompile>
    <ClCompile Include="ranking.cpp">
      <Filter>ソース ファイル\All</Filter>
    </ClCompile>
    <ClCompile Include="tutorial.cpp">
      <Filter>ソース ファイル\All</Filter>
    </ClCompile>
    <ClCompile Include="pause.cpp">
      <Filter>ソース ファイル</Filter>
    </ClCompile>
  </ItemGroup>
  <ItemGroup>
    <ClInclude Include="fade.h">
      <Filter>ヘッダー ファイル</Filter>
    </ClInclude>
    <ClInclude Include="input.h">
      <Filter>ヘッダー ファイル</Filter>
    </ClInclude>
    <ClInclude Include="main.h">
      <Filter>ヘッダー ファイル</Filter>
    </ClInclude>
    <ClInclude Include="manager.h">
      <Filter>ヘッダー ファイル</Filter>
    </ClInclude>
    <ClInclude Include="number.h">
      <Filter>ヘッダー ファイル</Filter>
    </ClInclude>
    <ClInclude Include="particle.h">
      <Filter>ヘッダー ファイル</Filter>
    </ClInclude>
    <ClInclude Include="renderer.h">
      <Filter>ヘッダー ファイル</Filter>
    </ClInclude>
    <ClInclude Include="scene.h">
      <Filter>ヘッダー ファイル</Filter>
    </ClInclude>
    <ClInclude Include="scene2d.h">
      <Filter>ヘッダー ファイル</Filter>
    </ClInclude>
    <ClInclude Include="sound.h">
      <Filter>ヘッダー ファイル</Filter>
    </ClInclude>
    <ClInclude Include="title.h">
      <Filter>ヘッダー ファイル\All</Filter>
    </ClInclude>
    <ClInclude Include="game.h">
      <Filter>ヘッダー ファイル\All</Filter>
    </ClInclude>
    <ClInclude Include="result.h">
      <Filter>ヘッダー ファイル\All</Filter>
    </ClInclude>
    <ClInclude Include="score.h">
      <Filter>ヘッダー ファイル\Polygon\UI</Filter>
    </ClInclude>
    <ClInclude Include="bg.h">
      <Filter>ヘッダー ファイル\Polygon</Filter>
    </ClInclude>
    <ClInclude Include="bullet.h">
      <Filter>ヘッダー ファイル\Polygon</Filter>
    </ClInclude>
    <ClInclude Include="effect.h">
      <Filter>ヘッダー ファイル\Polygon</Filter>
    </ClInclude>
    <ClInclude Include="enemy.h">
      <Filter>ヘッダー ファイル\Polygon</Filter>
    </ClInclude>
    <ClInclude Include="explosion.h">
      <Filter>ヘッダー ファイル\Polygon</Filter>
    </ClInclude>
    <ClInclude Include="item.h">
      <Filter>ヘッダー ファイル\Polygon</Filter>
    </ClInclude>
    <ClInclude Include="logo.h">
      <Filter>ヘッダー ファイル\Polygon</Filter>
    </ClInclude>
    <ClInclude Include="player.h">
      <Filter>ヘッダー ファイル\Polygon</Filter>
    </ClInclude>
    <ClInclude Include="star.h">
      <Filter>ヘッダー ファイル\Polygon</Filter>
    </ClInclude>
    <ClInclude Include="joystick.h">
      <Filter>ヘッダー ファイル</Filter>
    </ClInclude>
    <ClInclude Include="pause.h">
      <Filter>ヘッダー ファイル</Filter>
    </ClInclude>
    <ClInclude Include="pauselogo.h">
      <Filter>ヘッダー ファイル</Filter>
    </ClInclude>
    <ClInclude Include="ranking.h">
      <Filter>ヘッダー ファイル\All</Filter>
    </ClInclude>
    <ClInclude Include="tutorial.h">
      <Filter>ヘッダー ファイル\All</Filter>
    </ClInclude>
  </ItemGroup>
</Project>